
Microsoft Visual Studio Solution File, Format Version 12.00
# Visual Studio Version 17
VisualStudioVersion = 17.12.35514.174 d17.12
MinimumVisualStudioVersion = 10.0.40219.1
Project("{FAE04EC0-301F-11D3-BF4B-00C04F79EFBC}") = "E-Company.API", "E-Company.API\E-Company.API.csproj", "{84065824-5B32-421A-B766-58F8049D2028}"
EndProject
Project("{FAE04EC0-301F-11D3-BF4B-00C04F79EFBC}") = "E-Company.Infrastructure", "E-Company.Infrastructure\E-Company.Infrastructure.csproj", "{5FA49A2E-60BD-44EC-82ED-B9AFF9639CB4}"
EndProject
Project("{FAE04EC0-301F-11D3-BF4B-00C04F79EFBC}") = "E-Company.Core", "E-Company.Core\E-Company.Core.csproj", "{9BEC006D-CF7E-4F8E-851A-ED1E3CE51486}"
EndProject
Project("{FAE04EC0-301F-11D3-BF4B-00C04F79EFBC}") = "E-company.Data", "E-company.Data\E-company.Data.csproj", "{8BD5DE3E-5C9A-4F25-9473-DD303C51EFCE}"
EndProject
Project("{FAE04EC0-301F-11D3-BF4B-00C04F79EFBC}") = "E-Company.Service", "E-Company.Service\E-Company.Service.csproj", "{5E7B61CB-0A62-415A-AEBD-52BBEF7290CE}"
EndProject
Global
	GlobalSection(SolutionConfigurationPlatforms) = preSolution
		Debug|Any CPU = Debug|Any CPU
		Release|Any CPU = Release|Any CPU
	EndGlobalSection
	GlobalSection(ProjectConfigurationPlatforms) = postSolution
		{84065824-5B32-421A-B766-58F8049D2028}.Debug|Any CPU.ActiveCfg = Debug|Any CPU
		{84065824-5B32-421A-B766-58F8049D2028}.Debug|Any CPU.Build.0 = Debug|Any CPU
		{84065824-5B32-421A-B766-58F8049D2028}.Release|Any CPU.ActiveCfg = Release|Any CPU
		{84065824-5B32-421A-B766-58F8049D2028}.Release|Any CPU.Build.0 = Release|Any CPU
		{5FA49A2E-60BD-44EC-82ED-B9AFF9639CB4}.Debug|Any CPU.ActiveCfg = Debug|Any CPU
		{5FA49A2E-60BD-44EC-82ED-B9AFF9639CB4}.Debug|Any CPU.Build.0 = Debug|Any CPU
		{5FA49A2E-60BD-44EC-82ED-B9AFF9639CB4}.Release|Any CPU.ActiveCfg = Release|Any CPU
		{5FA49A2E-60BD-44EC-82ED-B9AFF9639CB4}.Release|Any CPU.Build.0 = Release|Any CPU
		{9BEC006D-CF7E-4F8E-851A-ED1E3CE51486}.Debug|Any CPU.ActiveCfg = Debug|Any CPU
		{9BEC006D-CF7E-4F8E-851A-ED1E3CE51486}.Debug|Any CPU.Build.0 = Debug|Any CPU
		{9BEC006D-CF7E-4F8E-851A-ED1E3CE51486}.Release|Any CPU.ActiveCfg = Release|Any CPU
		{9BEC006D-CF7E-4F8E-851A-ED1E3CE51486}.Release|Any CPU.Build.0 = Release|Any CPU
		{8BD5DE3E-5C9A-4F25-9473-DD303C51EFCE}.Debug|Any CPU.ActiveCfg = Debug|Any CPU
		{8BD5DE3E-5C9A-4F25-9473-DD303C51EFCE}.Debug|Any CPU.Build.0 = Debug|Any CPU
		{8BD5DE3E-5C9A-4F25-9473-DD303C51EFCE}.Release|Any CPU.ActiveCfg = Release|Any CPU
		{8BD5DE3E-5C9A-4F25-9473-DD303C51EFCE}.Release|Any CPU.Build.0 = Release|Any CPU
		{5E7B61CB-0A62-415A-AEBD-52BBEF7290CE}.Debug|Any CPU.ActiveCfg = Debug|Any CPU
		{5E7B61CB-0A62-415A-AEBD-52BBEF7290CE}.Debug|Any CPU.Build.0 = Debug|Any CPU
		{5E7B61CB-0A62-415A-AEBD-52BBEF7290CE}.Release|Any CPU.ActiveCfg = Release|Any CPU
		{5E7B61CB-0A62-415A-AEBD-52BBEF7290CE}.Release|Any CPU.Build.0 = Release|Any CPU
	EndGlobalSection
	GlobalSection(SolutionProperties) = preSolution
		HideSolutionNode = FALSE
	EndGlobalSection
EndGlobal
